// !$*UTF8*$!
{
	archiveVersion = 1;
	classes = {
	};
	objectVersion = 54;
	objects = {

/* Begin PBXBuildFile section */
		0D4D7510266316D200D7A635 /* SettingsGeneral.swift in Sources */ = {isa = PBXBuildFile; fileRef = 0D4D750F266316D200D7A635 /* SettingsGeneral.swift */; };
		0D4D7512266316DC00D7A635 /* SettingsSecurity.swift in Sources */ = {isa = PBXBuildFile; fileRef = 0D4D7511266316DC00D7A635 /* SettingsSecurity.swift */; };
		0D4D7514266316E500D7A635 /* SettingsAboutHelp.swift in Sources */ = {isa = PBXBuildFile; fileRef = 0D4D7513266316E500D7A635 /* SettingsAboutHelp.swift */; };
		0D4D7516266466C500D7A635 /* SettingsDocumentation.swift in Sources */ = {isa = PBXBuildFile; fileRef = 0D4D7515266466C500D7A635 /* SettingsDocumentation.swift */; };
		0D4D7518266470A700D7A635 /* SettingsViews.swift in Sources */ = {isa = PBXBuildFile; fileRef = 0D4D7517266470A700D7A635 /* SettingsViews.swift */; };
		0D4D751A2664738800D7A635 /* HostingController.swift in Sources */ = {isa = PBXBuildFile; fileRef = 0D4D75192664738800D7A635 /* HostingController.swift */; };
		0DC411E12668469C00BF0DE1 /* SettingsView.swift in Sources */ = {isa = PBXBuildFile; fileRef = 0DC411E02668469C00BF0DE1 /* SettingsView.swift */; };
		0E230E2D265BE05A00465F07 /* EditBottomSheet.swift in Sources */ = {isa = PBXBuildFile; fileRef = 0E230E2C265BE05A00465F07 /* EditBottomSheet.swift */; };
		0E64C6A6265E7625005A7934 /* FileActionsBottomSheet.swift in Sources */ = {isa = PBXBuildFile; fileRef = 0E64C6A5265E7625005A7934 /* FileActionsBottomSheet.swift */; };
		0E78B3A72656B03600F9BDBC /* DragView.swift in Sources */ = {isa = PBXBuildFile; fileRef = 0E78B3A52656B03500F9BDBC /* DragView.swift */; };
		0E78B3A82656B03600F9BDBC /* ConfirmBottomSheet.swift in Sources */ = {isa = PBXBuildFile; fileRef = 0E78B3A62656B03500F9BDBC /* ConfirmBottomSheet.swift */; };
		0E78B3AE2656B04B00F9BDBC /* open-sans.regular.ttf in Resources */ = {isa = PBXBuildFile; fileRef = 0E78B3AD2656B04B00F9BDBC /* open-sans.regular.ttf */; };
		0E78B3BA2656B0BC00F9BDBC /* VideoPlayerUI.swift in Sources */ = {isa = PBXBuildFile; fileRef = 0E78B3B52656B0BC00F9BDBC /* VideoPlayerUI.swift */; };
		0E78B3BB2656B0BC00F9BDBC /* VideoRecordingView.swift in Sources */ = {isa = PBXBuildFile; fileRef = 0E78B3B62656B0BC00F9BDBC /* VideoRecordingView.swift */; };
		0F3DC3E52523951C0024B4A0 /* BundleInfo.swift in Sources */ = {isa = PBXBuildFile; fileRef = 0F3DC3E42523951C0024B4A0 /* BundleInfo.swift */; };
		1E67B39223FC9067001F3D64 /* Importers.swift in Sources */ = {isa = PBXBuildFile; fileRef = 1E67B39123FC9067001F3D64 /* Importers.swift */; };
		1EAE6BF524146C2100114244 /* QuickLook.swift in Sources */ = {isa = PBXBuildFile; fileRef = 1EAE6BF424146C2100114244 /* QuickLook.swift */; };
		1EBF3CB5246649DC0004E331 /* AudioPlayer.swift in Sources */ = {isa = PBXBuildFile; fileRef = 1EBF3CB4246649DC0004E331 /* AudioPlayer.swift */; };
		6D14AACC23FA3A2B0094D71D /* Components.swift in Sources */ = {isa = PBXBuildFile; fileRef = 6D14AACB23FA3A2B0094D71D /* Components.swift */; };
		6D14AACE23FADACE0094D71D /* Enums.swift in Sources */ = {isa = PBXBuildFile; fileRef = 6D14AACD23FADACE0094D71D /* Enums.swift */; };
		6D14AAD023FAE6AC0094D71D /* SettingsView_old.swift in Sources */ = {isa = PBXBuildFile; fileRef = 6D14AACF23FAE6AC0094D71D /* SettingsView_old.swift */; };
		6D14AAD223FB08D60094D71D /* CameraView.swift in Sources */ = {isa = PBXBuildFile; fileRef = 6D14AAD123FB08D60094D71D /* CameraView.swift */; };
		6D14AAD623FB0B120094D71D /* CollectView.swift in Sources */ = {isa = PBXBuildFile; fileRef = 6D14AAD523FB0B120094D71D /* CollectView.swift */; };
		6D14AAD823FB0B310094D71D /* GalleryView.swift in Sources */ = {isa = PBXBuildFile; fileRef = 6D14AAD723FB0B310094D71D /* GalleryView.swift */; };
		6D14AADA2405AC1B0094D71D /* FileManager.swift in Sources */ = {isa = PBXBuildFile; fileRef = 6D14AAD92405AC1A0094D71D /* FileManager.swift */; };
		6D848FA32416D12D004896E0 /* CryptoManagerV1.swift in Sources */ = {isa = PBXBuildFile; fileRef = 6D848FA22416D12D004896E0 /* CryptoManagerV1.swift */; };
		6DC2ABC9245029BC004579DF /* PasswordView.swift in Sources */ = {isa = PBXBuildFile; fileRef = 6DC2ABC8245029BC004579DF /* PasswordView.swift */; };
		6DC2ABCB24502D08004579DF /* ChangeView.swift in Sources */ = {isa = PBXBuildFile; fileRef = 6DC2ABCA24502D08004579DF /* ChangeView.swift */; };
		6DD4C038240F4B9900491438 /* PreviewView.swift in Sources */ = {isa = PBXBuildFile; fileRef = 6DD4C037240F4B9900491438 /* PreviewView.swift */; };
		6DD4C03A240F547300491438 /* Util.swift in Sources */ = {isa = PBXBuildFile; fileRef = 6DD4C039240F547300491438 /* Util.swift */; };
		896A69AE4EE3738FC80097F4 /* libPods-Tella.a in Frameworks */ = {isa = PBXBuildFile; fileRef = E0FADD614621998E34738DDA /* libPods-Tella.a */; };
		C9B13BC456A14143520ACF7D /* libPods-TellaTests.a in Frameworks */ = {isa = PBXBuildFile; fileRef = A7BED502E3A2E8DEAFF55F31 /* libPods-TellaTests.a */; };
		CE02ED7F24E42B3900014176 /* UserDefaultsProperty.swift in Sources */ = {isa = PBXBuildFile; fileRef = CE02ED7E24E42B3900014176 /* UserDefaultsProperty.swift */; };
		CE64FA292505542E00B03CEC /* AppViewState.swift in Sources */ = {isa = PBXBuildFile; fileRef = CE64FA282505542E00B03CEC /* AppViewState.swift */; };
		CE64FA2B25055CA700B03CEC /* MainView.swift in Sources */ = {isa = PBXBuildFile; fileRef = CE64FA2A25055CA700B03CEC /* MainView.swift */; };
		D50727BF2625561400BBC370 /* KeychainManager.swift in Sources */ = {isa = PBXBuildFile; fileRef = D50727BE2625561400BBC370 /* KeychainManager.swift */; };
		D50727C42625567900BBC370 /* KeychainTests.swift in Sources */ = {isa = PBXBuildFile; fileRef = D50727C32625567900BBC370 /* KeychainTests.swift */; };
		D5077A40260D300600D72947 /* DebugLogging.swift in Sources */ = {isa = PBXBuildFile; fileRef = D5077A3F260D300600D72947 /* DebugLogging.swift */; };
		D50FA6842613ABCA00D6D63B /* VaultManager.h in Headers */ = {isa = PBXBuildFile; fileRef = D50FA6822613ABCA00D6D63B /* VaultManager.h */; settings = {ATTRIBUTES = (Public, ); }; };
		D50FA6872613ABCA00D6D63B /* VaultManager.framework in Frameworks */ = {isa = PBXBuildFile; fileRef = D50FA6802613ABC900D6D63B /* VaultManager.framework */; };
		D50FA6882613ABCA00D6D63B /* VaultManager.framework in Embed Frameworks */ = {isa = PBXBuildFile; fileRef = D50FA6802613ABC900D6D63B /* VaultManager.framework */; settings = {ATTRIBUTES = (CodeSignOnCopy, RemoveHeadersOnCopy, ); }; };
		D51639762631091E003A11B5 /* NewAssets.xcassets in Resources */ = {isa = PBXBuildFile; fileRef = D51639752631091E003A11B5 /* NewAssets.xcassets */; };
		D516397C2631113B003A11B5 /* Styles.swift in Sources */ = {isa = PBXBuildFile; fileRef = D516397B2631113B003A11B5 /* Styles.swift */; };
		D51639802631130E003A11B5 /* HomeView.swift in Sources */ = {isa = PBXBuildFile; fileRef = D50727CB2625573200BBC370 /* HomeView.swift */; };
		D5163985263113B7003A11B5 /* MicView.swift in Sources */ = {isa = PBXBuildFile; fileRef = D5D56979262747F700C45416 /* MicView.swift */; };
		D516398A263113C6003A11B5 /* UploadView.swift in Sources */ = {isa = PBXBuildFile; fileRef = D5163989263113C6003A11B5 /* UploadView.swift */; };
		D538C8AC264CE8D300D457B0 /* CryptoFileManager.swift in Sources */ = {isa = PBXBuildFile; fileRef = D538C8AB264CE8D300D457B0 /* CryptoFileManager.swift */; };
		D53B77012601CA3A0001CD34 /* VaultManager.swift in Sources */ = {isa = PBXBuildFile; fileRef = D53B77002601CA3A0001CD34 /* VaultManager.swift */; };
		D572EAC5263A383100CE191A /* ReventFilesListView.swift in Sources */ = {isa = PBXBuildFile; fileRef = D572EAC4263A383100CE191A /* ReventFilesListView.swift */; };
		D572EAC7263A383900CE191A /* RecentFileCell.swift in Sources */ = {isa = PBXBuildFile; fileRef = D572EAC6263A383900CE191A /* RecentFileCell.swift */; };
		D572EAC9263A384B00CE191A /* FileGroupsView.swift in Sources */ = {isa = PBXBuildFile; fileRef = D572EAC8263A384B00CE191A /* FileGroupsView.swift */; };
		D572EACB263A43C100CE191A /* FileDetailView.swift in Sources */ = {isa = PBXBuildFile; fileRef = D572EACA263A43C100CE191A /* FileDetailView.swift */; };
		D57F5E9026152A4800C1DA47 /* Datable.swift in Sources */ = {isa = PBXBuildFile; fileRef = D57F5E8F26152A4800C1DA47 /* Datable.swift */; };
		D57F5E9526152A8500C1DA47 /* Datable.swift in Sources */ = {isa = PBXBuildFile; fileRef = D57F5E9426152A8500C1DA47 /* Datable.swift */; };
		D57F5EA4261569C300C1DA47 /* Media.xcassets in Resources */ = {isa = PBXBuildFile; fileRef = D57F5EA3261569C300C1DA47 /* Media.xcassets */; };
		D57F5EAD26156C5200C1DA47 /* MockCryptoManager.swift in Sources */ = {isa = PBXBuildFile; fileRef = D57F5EAC26156C5200C1DA47 /* MockCryptoManager.swift */; };
		D59E9EB0260C5A51006D9F8E /* VaultManagerTests.swift in Sources */ = {isa = PBXBuildFile; fileRef = D59E9EAF260C5A51006D9F8E /* VaultManagerTests.swift */; };
		D5B823EB262774E00008E04B /* AppView.swift in Sources */ = {isa = PBXBuildFile; fileRef = D5D5696C262747E100C45416 /* AppView.swift */; };
		D5B823F0262775D80008E04B /* CryptoManager.swift in Sources */ = {isa = PBXBuildFile; fileRef = D5B823EF262775D80008E04B /* CryptoManager.swift */; };
		D5DA7F982646220100B00FDA /* FileGroupButtonView.swift in Sources */ = {isa = PBXBuildFile; fileRef = D5DA7F972646220100B00FDA /* FileGroupButtonView.swift */; };
		D5DA7F9B2648D05400B00FDA /* FileListView.swift in Sources */ = {isa = PBXBuildFile; fileRef = D5DA7F9A2648D05400B00FDA /* FileListView.swift */; };
		D5DAFDCF265384C4002F3942 /* SettingModel.swift in Sources */ = {isa = PBXBuildFile; fileRef = D5DAFDCD265384C4002F3942 /* SettingModel.swift */; };
		D75F9E9C25342539006F6212 /* RecordViewModel.swift in Sources */ = {isa = PBXBuildFile; fileRef = D75F9E9B25342539006F6212 /* RecordViewModel.swift */; };
		D7CFC37F254260D300CCB352 /* RecordView.swift in Sources */ = {isa = PBXBuildFile; fileRef = D7CFC37E254260D300CCB352 /* RecordView.swift */; };
		D7F55FC825348FA50028739E /* RecordState.swift in Sources */ = {isa = PBXBuildFile; fileRef = D7F55FC725348FA50028739E /* RecordState.swift */; };
		D7F55FCD25348FB80028739E /* AudioManager.swift in Sources */ = {isa = PBXBuildFile; fileRef = D7F55FCC25348FB80028739E /* AudioManager.swift */; };
		D7F55FDA253490BE0028739E /* RecordingAudioManager.swift in Sources */ = {isa = PBXBuildFile; fileRef = D7F55FD9253490BE0028739E /* RecordingAudioManager.swift */; };
		F66E65AD23E3207D000F93E5 /* AppDelegate.swift in Sources */ = {isa = PBXBuildFile; fileRef = F66E65AC23E3207D000F93E5 /* AppDelegate.swift */; };
		F66E65AF23E3207D000F93E5 /* SceneDelegate.swift in Sources */ = {isa = PBXBuildFile; fileRef = F66E65AE23E3207D000F93E5 /* SceneDelegate.swift */; };
		F66E65B123E3207D000F93E5 /* ContentView.swift in Sources */ = {isa = PBXBuildFile; fileRef = F66E65B023E3207D000F93E5 /* ContentView.swift */; };
		F66E65B323E32080000F93E5 /* Assets.xcassets in Resources */ = {isa = PBXBuildFile; fileRef = F66E65B223E32080000F93E5 /* Assets.xcassets */; };
		F66E65B623E32080000F93E5 /* Preview Assets.xcassets in Resources */ = {isa = PBXBuildFile; fileRef = F66E65B523E32080000F93E5 /* Preview Assets.xcassets */; };
		F66E65B923E32080000F93E5 /* LaunchScreen.storyboard in Resources */ = {isa = PBXBuildFile; fileRef = F66E65B723E32080000F93E5 /* LaunchScreen.storyboard */; };
		F66E65CF23E32080000F93E5 /* TellaUITests.swift in Sources */ = {isa = PBXBuildFile; fileRef = F66E65CE23E32080000F93E5 /* TellaUITests.swift */; };
		F671F2E724634618008E07A6 /* demoIcon@2x.png in Resources */ = {isa = PBXBuildFile; fileRef = F671F2E524634617008E07A6 /* demoIcon@2x.png */; };
		F671F2E824634618008E07A6 /* demoIcon@3x.png in Resources */ = {isa = PBXBuildFile; fileRef = F671F2E624634618008E07A6 /* demoIcon@3x.png */; };
		FFCE58FBB913313F7E36F009 /* libPods-Tella-TellaUITests.a in Frameworks */ = {isa = PBXBuildFile; fileRef = 2938945BECA9C7B363FB0E4D /* libPods-Tella-TellaUITests.a */; };
/* End PBXBuildFile section */

/* Begin PBXContainerItemProxy section */
		D50FA6852613ABCA00D6D63B /* PBXContainerItemProxy */ = {
			isa = PBXContainerItemProxy;
			containerPortal = F66E65A123E3207D000F93E5 /* Project object */;
			proxyType = 1;
			remoteGlobalIDString = D50FA67F2613ABC900D6D63B;
			remoteInfo = VaultManager;
		};
		F66E65C023E32080000F93E5 /* PBXContainerItemProxy */ = {
			isa = PBXContainerItemProxy;
			containerPortal = F66E65A123E3207D000F93E5 /* Project object */;
			proxyType = 1;
			remoteGlobalIDString = F66E65A823E3207D000F93E5;
			remoteInfo = Tella;
		};
		F66E65CB23E32080000F93E5 /* PBXContainerItemProxy */ = {
			isa = PBXContainerItemProxy;
			containerPortal = F66E65A123E3207D000F93E5 /* Project object */;
			proxyType = 1;
			remoteGlobalIDString = F66E65A823E3207D000F93E5;
			remoteInfo = Tella;
		};
/* End PBXContainerItemProxy section */

/* Begin PBXCopyFilesBuildPhase section */
		D53B76EE2601CA0D0001CD34 /* Embed Frameworks */ = {
			isa = PBXCopyFilesBuildPhase;
			buildActionMask = 2147483647;
			dstPath = "";
			dstSubfolderSpec = 10;
			files = (
				D50FA6882613ABCA00D6D63B /* VaultManager.framework in Embed Frameworks */,
			);
			name = "Embed Frameworks";
			runOnlyForDeploymentPostprocessing = 0;
		};
/* End PBXCopyFilesBuildPhase section */

/* Begin PBXFileReference section */
		0D4D750F266316D200D7A635 /* SettingsGeneral.swift */ = {isa = PBXFileReference; lastKnownFileType = sourcecode.swift; path = SettingsGeneral.swift; sourceTree = "<group>"; };
		0D4D7511266316DC00D7A635 /* SettingsSecurity.swift */ = {isa = PBXFileReference; lastKnownFileType = sourcecode.swift; path = SettingsSecurity.swift; sourceTree = "<group>"; };
		0D4D7513266316E500D7A635 /* SettingsAboutHelp.swift */ = {isa = PBXFileReference; lastKnownFileType = sourcecode.swift; path = SettingsAboutHelp.swift; sourceTree = "<group>"; };
		0D4D7515266466C500D7A635 /* SettingsDocumentation.swift */ = {isa = PBXFileReference; lastKnownFileType = sourcecode.swift; path = SettingsDocumentation.swift; sourceTree = "<group>"; };
		0D4D7517266470A700D7A635 /* SettingsViews.swift */ = {isa = PBXFileReference; lastKnownFileType = sourcecode.swift; path = SettingsViews.swift; sourceTree = "<group>"; };
		0D4D75192664738800D7A635 /* HostingController.swift */ = {isa = PBXFileReference; lastKnownFileType = sourcecode.swift; path = HostingController.swift; sourceTree = "<group>"; };
		0DC411E02668469C00BF0DE1 /* SettingsView.swift */ = {isa = PBXFileReference; fileEncoding = 4; lastKnownFileType = sourcecode.swift; path = SettingsView.swift; sourceTree = "<group>"; };
		0E230E2C265BE05A00465F07 /* EditBottomSheet.swift */ = {isa = PBXFileReference; lastKnownFileType = sourcecode.swift; path = EditBottomSheet.swift; sourceTree = "<group>"; };
		0E64C6A5265E7625005A7934 /* FileActionsBottomSheet.swift */ = {isa = PBXFileReference; lastKnownFileType = sourcecode.swift; path = FileActionsBottomSheet.swift; sourceTree = "<group>"; };
		0E78B3A52656B03500F9BDBC /* DragView.swift */ = {isa = PBXFileReference; fileEncoding = 4; lastKnownFileType = sourcecode.swift; path = DragView.swift; sourceTree = "<group>"; };
		0E78B3A62656B03500F9BDBC /* ConfirmBottomSheet.swift */ = {isa = PBXFileReference; fileEncoding = 4; lastKnownFileType = sourcecode.swift; path = ConfirmBottomSheet.swift; sourceTree = "<group>"; };
		0E78B3AD2656B04B00F9BDBC /* open-sans.regular.ttf */ = {isa = PBXFileReference; lastKnownFileType = file; path = "open-sans.regular.ttf"; sourceTree = "<group>"; };
		0E78B3B52656B0BC00F9BDBC /* VideoPlayerUI.swift */ = {isa = PBXFileReference; fileEncoding = 4; lastKnownFileType = sourcecode.swift; path = VideoPlayerUI.swift; sourceTree = "<group>"; };
		0E78B3B62656B0BC00F9BDBC /* VideoRecordingView.swift */ = {isa = PBXFileReference; fileEncoding = 4; lastKnownFileType = sourcecode.swift; path = VideoRecordingView.swift; sourceTree = "<group>"; };
		0F3DC3E42523951C0024B4A0 /* BundleInfo.swift */ = {isa = PBXFileReference; lastKnownFileType = sourcecode.swift; path = BundleInfo.swift; sourceTree = "<group>"; };
		1E67B39123FC9067001F3D64 /* Importers.swift */ = {isa = PBXFileReference; lastKnownFileType = sourcecode.swift; path = Importers.swift; sourceTree = "<group>"; };
		1EAE6BF424146C2100114244 /* QuickLook.swift */ = {isa = PBXFileReference; lastKnownFileType = sourcecode.swift; path = QuickLook.swift; sourceTree = "<group>"; };
		1EBF3CB4246649DC0004E331 /* AudioPlayer.swift */ = {isa = PBXFileReference; lastKnownFileType = sourcecode.swift; path = AudioPlayer.swift; sourceTree = "<group>"; };
		2377F430E2D84ACF7E66B891 /* Pods-TellaTests.release.xcconfig */ = {isa = PBXFileReference; includeInIndex = 1; lastKnownFileType = text.xcconfig; name = "Pods-TellaTests.release.xcconfig"; path = "Target Support Files/Pods-TellaTests/Pods-TellaTests.release.xcconfig"; sourceTree = "<group>"; };
		2938945BECA9C7B363FB0E4D /* libPods-Tella-TellaUITests.a */ = {isa = PBXFileReference; explicitFileType = archive.ar; includeInIndex = 0; path = "libPods-Tella-TellaUITests.a"; sourceTree = BUILT_PRODUCTS_DIR; };
		303DB33176195A2170CDEC64 /* Pods-TellaTests.debug.xcconfig */ = {isa = PBXFileReference; includeInIndex = 1; lastKnownFileType = text.xcconfig; name = "Pods-TellaTests.debug.xcconfig"; path = "Target Support Files/Pods-TellaTests/Pods-TellaTests.debug.xcconfig"; sourceTree = "<group>"; };
		64B63145C113BF91C06D0583 /* Pods-Tella-TellaUITests.debug.xcconfig */ = {isa = PBXFileReference; includeInIndex = 1; lastKnownFileType = text.xcconfig; name = "Pods-Tella-TellaUITests.debug.xcconfig"; path = "Target Support Files/Pods-Tella-TellaUITests/Pods-Tella-TellaUITests.debug.xcconfig"; sourceTree = "<group>"; };
		6D14AACB23FA3A2B0094D71D /* Components.swift */ = {isa = PBXFileReference; lastKnownFileType = sourcecode.swift; path = Components.swift; sourceTree = "<group>"; };
		6D14AACD23FADACE0094D71D /* Enums.swift */ = {isa = PBXFileReference; lastKnownFileType = sourcecode.swift; path = Enums.swift; sourceTree = "<group>"; };
		6D14AACF23FAE6AC0094D71D /* SettingsView_old.swift */ = {isa = PBXFileReference; lastKnownFileType = sourcecode.swift; path = SettingsView_old.swift; sourceTree = "<group>"; };
		6D14AAD123FB08D60094D71D /* CameraView.swift */ = {isa = PBXFileReference; lastKnownFileType = sourcecode.swift; path = CameraView.swift; sourceTree = "<group>"; };
		6D14AAD523FB0B120094D71D /* CollectView.swift */ = {isa = PBXFileReference; lastKnownFileType = sourcecode.swift; path = CollectView.swift; sourceTree = "<group>"; };
		6D14AAD723FB0B310094D71D /* GalleryView.swift */ = {isa = PBXFileReference; lastKnownFileType = sourcecode.swift; path = GalleryView.swift; sourceTree = "<group>"; };
		6D14AAD92405AC1A0094D71D /* FileManager.swift */ = {isa = PBXFileReference; lastKnownFileType = sourcecode.swift; path = FileManager.swift; sourceTree = "<group>"; };
		6D848FA22416D12D004896E0 /* CryptoManagerV1.swift */ = {isa = PBXFileReference; lastKnownFileType = sourcecode.swift; path = CryptoManagerV1.swift; sourceTree = "<group>"; };
		6DC2ABC8245029BC004579DF /* PasswordView.swift */ = {isa = PBXFileReference; lastKnownFileType = sourcecode.swift; path = PasswordView.swift; sourceTree = "<group>"; };
		6DC2ABCA24502D08004579DF /* ChangeView.swift */ = {isa = PBXFileReference; lastKnownFileType = sourcecode.swift; path = ChangeView.swift; sourceTree = "<group>"; };
		6DD4C037240F4B9900491438 /* PreviewView.swift */ = {isa = PBXFileReference; lastKnownFileType = sourcecode.swift; path = PreviewView.swift; sourceTree = "<group>"; };
		6DD4C039240F547300491438 /* Util.swift */ = {isa = PBXFileReference; lastKnownFileType = sourcecode.swift; path = Util.swift; sourceTree = "<group>"; };
		71F4A03C1E75DFA648FCCB4A /* Pods-Tella.release.xcconfig */ = {isa = PBXFileReference; includeInIndex = 1; lastKnownFileType = text.xcconfig; name = "Pods-Tella.release.xcconfig"; path = "Target Support Files/Pods-Tella/Pods-Tella.release.xcconfig"; sourceTree = "<group>"; };
		8D569591EFFEBA5AC67EF44D /* Pods-Tella.debug.xcconfig */ = {isa = PBXFileReference; includeInIndex = 1; lastKnownFileType = text.xcconfig; name = "Pods-Tella.debug.xcconfig"; path = "Target Support Files/Pods-Tella/Pods-Tella.debug.xcconfig"; sourceTree = "<group>"; };
		A7BED502E3A2E8DEAFF55F31 /* libPods-TellaTests.a */ = {isa = PBXFileReference; explicitFileType = archive.ar; includeInIndex = 0; path = "libPods-TellaTests.a"; sourceTree = BUILT_PRODUCTS_DIR; };
		CE02ED7E24E42B3900014176 /* UserDefaultsProperty.swift */ = {isa = PBXFileReference; lastKnownFileType = sourcecode.swift; path = UserDefaultsProperty.swift; sourceTree = "<group>"; };
		CE64FA282505542E00B03CEC /* AppViewState.swift */ = {isa = PBXFileReference; lastKnownFileType = sourcecode.swift; path = AppViewState.swift; sourceTree = "<group>"; };
		CE64FA2A25055CA700B03CEC /* MainView.swift */ = {isa = PBXFileReference; lastKnownFileType = sourcecode.swift; path = MainView.swift; sourceTree = "<group>"; };
		D50727BE2625561400BBC370 /* KeychainManager.swift */ = {isa = PBXFileReference; fileEncoding = 4; lastKnownFileType = sourcecode.swift; path = KeychainManager.swift; sourceTree = "<group>"; };
		D50727C32625567900BBC370 /* KeychainTests.swift */ = {isa = PBXFileReference; lastKnownFileType = sourcecode.swift; path = KeychainTests.swift; sourceTree = "<group>"; };
		D50727CB2625573200BBC370 /* HomeView.swift */ = {isa = PBXFileReference; lastKnownFileType = sourcecode.swift; path = HomeView.swift; sourceTree = "<group>"; };
		D50727D02625574400BBC370 /* FileManagerView.swift */ = {isa = PBXFileReference; lastKnownFileType = sourcecode.swift; path = FileManagerView.swift; sourceTree = "<group>"; };
		D5077A3F260D300600D72947 /* DebugLogging.swift */ = {isa = PBXFileReference; fileEncoding = 4; lastKnownFileType = sourcecode.swift; path = DebugLogging.swift; sourceTree = "<group>"; };
		D50FA6802613ABC900D6D63B /* VaultManager.framework */ = {isa = PBXFileReference; explicitFileType = wrapper.framework; includeInIndex = 0; path = VaultManager.framework; sourceTree = BUILT_PRODUCTS_DIR; };
		D50FA6822613ABCA00D6D63B /* VaultManager.h */ = {isa = PBXFileReference; lastKnownFileType = sourcecode.c.h; path = VaultManager.h; sourceTree = "<group>"; };
		D50FA6832613ABCA00D6D63B /* Info.plist */ = {isa = PBXFileReference; lastKnownFileType = text.plist.xml; path = Info.plist; sourceTree = "<group>"; };
		D51639752631091E003A11B5 /* NewAssets.xcassets */ = {isa = PBXFileReference; lastKnownFileType = folder.assetcatalog; path = NewAssets.xcassets; sourceTree = "<group>"; };
		D516397B2631113B003A11B5 /* Styles.swift */ = {isa = PBXFileReference; lastKnownFileType = sourcecode.swift; path = Styles.swift; sourceTree = "<group>"; };
		D5163989263113C6003A11B5 /* UploadView.swift */ = {isa = PBXFileReference; lastKnownFileType = sourcecode.swift; path = UploadView.swift; sourceTree = "<group>"; };
		D538C8AB264CE8D300D457B0 /* CryptoFileManager.swift */ = {isa = PBXFileReference; lastKnownFileType = sourcecode.swift; path = CryptoFileManager.swift; sourceTree = "<group>"; };
		D53B77002601CA3A0001CD34 /* VaultManager.swift */ = {isa = PBXFileReference; lastKnownFileType = sourcecode.swift; path = VaultManager.swift; sourceTree = "<group>"; };
		D53B77022601D5170001CD34 /* Tella.entitlements */ = {isa = PBXFileReference; lastKnownFileType = text.plist.entitlements; path = Tella.entitlements; sourceTree = "<group>"; };
		D572EAC4263A383100CE191A /* ReventFilesListView.swift */ = {isa = PBXFileReference; lastKnownFileType = sourcecode.swift; path = ReventFilesListView.swift; sourceTree = "<group>"; };
		D572EAC6263A383900CE191A /* RecentFileCell.swift */ = {isa = PBXFileReference; lastKnownFileType = sourcecode.swift; path = RecentFileCell.swift; sourceTree = "<group>"; };
		D572EAC8263A384B00CE191A /* FileGroupsView.swift */ = {isa = PBXFileReference; lastKnownFileType = sourcecode.swift; path = FileGroupsView.swift; sourceTree = "<group>"; };
		D572EACA263A43C100CE191A /* FileDetailView.swift */ = {isa = PBXFileReference; lastKnownFileType = sourcecode.swift; path = FileDetailView.swift; sourceTree = "<group>"; };
		D57F5E8F26152A4800C1DA47 /* Datable.swift */ = {isa = PBXFileReference; lastKnownFileType = sourcecode.swift; path = Datable.swift; sourceTree = "<group>"; };
		D57F5E9426152A8500C1DA47 /* Datable.swift */ = {isa = PBXFileReference; lastKnownFileType = sourcecode.swift; path = Datable.swift; sourceTree = "<group>"; };
		D57F5EA3261569C300C1DA47 /* Media.xcassets */ = {isa = PBXFileReference; lastKnownFileType = folder.assetcatalog; path = Media.xcassets; sourceTree = "<group>"; };
		D57F5EAC26156C5200C1DA47 /* MockCryptoManager.swift */ = {isa = PBXFileReference; lastKnownFileType = sourcecode.swift; path = MockCryptoManager.swift; sourceTree = "<group>"; };
		D59E9EAF260C5A51006D9F8E /* VaultManagerTests.swift */ = {isa = PBXFileReference; lastKnownFileType = sourcecode.swift; path = VaultManagerTests.swift; sourceTree = "<group>"; };
		D5B823EF262775D80008E04B /* CryptoManager.swift */ = {isa = PBXFileReference; lastKnownFileType = sourcecode.swift; path = CryptoManager.swift; sourceTree = "<group>"; };
		D5D5696C262747E100C45416 /* AppView.swift */ = {isa = PBXFileReference; lastKnownFileType = sourcecode.swift; path = AppView.swift; sourceTree = "<group>"; };
		D5D56974262747F100C45416 /* CameraView.swift */ = {isa = PBXFileReference; lastKnownFileType = sourcecode.swift; path = CameraView.swift; sourceTree = "<group>"; };
		D5D56979262747F700C45416 /* MicView.swift */ = {isa = PBXFileReference; lastKnownFileType = sourcecode.swift; path = MicView.swift; sourceTree = "<group>"; };
		D5DA7F972646220100B00FDA /* FileGroupButtonView.swift */ = {isa = PBXFileReference; lastKnownFileType = sourcecode.swift; path = FileGroupButtonView.swift; sourceTree = "<group>"; };
		D5DA7F9A2648D05400B00FDA /* FileListView.swift */ = {isa = PBXFileReference; lastKnownFileType = sourcecode.swift; path = FileListView.swift; sourceTree = "<group>"; };
		D5DAFDCD265384C4002F3942 /* SettingModel.swift */ = {isa = PBXFileReference; fileEncoding = 4; lastKnownFileType = sourcecode.swift; path = SettingModel.swift; sourceTree = "<group>"; };
		D75F9E9B25342539006F6212 /* RecordViewModel.swift */ = {isa = PBXFileReference; lastKnownFileType = sourcecode.swift; path = RecordViewModel.swift; sourceTree = "<group>"; };
		D7CFC37E254260D300CCB352 /* RecordView.swift */ = {isa = PBXFileReference; fileEncoding = 4; lastKnownFileType = sourcecode.swift; path = RecordView.swift; sourceTree = "<group>"; };
		D7F55FC725348FA50028739E /* RecordState.swift */ = {isa = PBXFileReference; lastKnownFileType = sourcecode.swift; path = RecordState.swift; sourceTree = "<group>"; };
		D7F55FCC25348FB80028739E /* AudioManager.swift */ = {isa = PBXFileReference; lastKnownFileType = sourcecode.swift; path = AudioManager.swift; sourceTree = "<group>"; };
		D7F55FD9253490BE0028739E /* RecordingAudioManager.swift */ = {isa = PBXFileReference; lastKnownFileType = sourcecode.swift; path = RecordingAudioManager.swift; sourceTree = "<group>"; };
		DC542768D626D09876372818 /* Pods-Tella-TellaUITests.release.xcconfig */ = {isa = PBXFileReference; includeInIndex = 1; lastKnownFileType = text.xcconfig; name = "Pods-Tella-TellaUITests.release.xcconfig"; path = "Target Support Files/Pods-Tella-TellaUITests/Pods-Tella-TellaUITests.release.xcconfig"; sourceTree = "<group>"; };
		E0FADD614621998E34738DDA /* libPods-Tella.a */ = {isa = PBXFileReference; explicitFileType = archive.ar; includeInIndex = 0; path = "libPods-Tella.a"; sourceTree = BUILT_PRODUCTS_DIR; };
		F66E65A923E3207D000F93E5 /* Tella.app */ = {isa = PBXFileReference; explicitFileType = wrapper.application; includeInIndex = 0; path = Tella.app; sourceTree = BUILT_PRODUCTS_DIR; };
		F66E65AC23E3207D000F93E5 /* AppDelegate.swift */ = {isa = PBXFileReference; lastKnownFileType = sourcecode.swift; path = AppDelegate.swift; sourceTree = "<group>"; };
		F66E65AE23E3207D000F93E5 /* SceneDelegate.swift */ = {isa = PBXFileReference; lastKnownFileType = sourcecode.swift; path = SceneDelegate.swift; sourceTree = "<group>"; };
		F66E65B023E3207D000F93E5 /* ContentView.swift */ = {isa = PBXFileReference; lastKnownFileType = sourcecode.swift; path = ContentView.swift; sourceTree = "<group>"; };
		F66E65B223E32080000F93E5 /* Assets.xcassets */ = {isa = PBXFileReference; lastKnownFileType = folder.assetcatalog; path = Assets.xcassets; sourceTree = "<group>"; };
		F66E65B523E32080000F93E5 /* Preview Assets.xcassets */ = {isa = PBXFileReference; lastKnownFileType = folder.assetcatalog; path = "Preview Assets.xcassets"; sourceTree = "<group>"; };
		F66E65B823E32080000F93E5 /* Base */ = {isa = PBXFileReference; lastKnownFileType = file.storyboard; name = Base; path = Base.lproj/LaunchScreen.storyboard; sourceTree = "<group>"; };
		F66E65BA23E32080000F93E5 /* Info.plist */ = {isa = PBXFileReference; lastKnownFileType = text.plist.xml; path = Info.plist; sourceTree = "<group>"; };
		F66E65BF23E32080000F93E5 /* TellaTests.xctest */ = {isa = PBXFileReference; explicitFileType = wrapper.cfbundle; includeInIndex = 0; path = TellaTests.xctest; sourceTree = BUILT_PRODUCTS_DIR; };
		F66E65C523E32080000F93E5 /* Info.plist */ = {isa = PBXFileReference; lastKnownFileType = text.plist.xml; path = Info.plist; sourceTree = "<group>"; };
		F66E65CA23E32080000F93E5 /* TellaUITests.xctest */ = {isa = PBXFileReference; explicitFileType = wrapper.cfbundle; includeInIndex = 0; path = TellaUITests.xctest; sourceTree = BUILT_PRODUCTS_DIR; };
		F66E65CE23E32080000F93E5 /* TellaUITests.swift */ = {isa = PBXFileReference; lastKnownFileType = sourcecode.swift; path = TellaUITests.swift; sourceTree = "<group>"; };
		F66E65D023E32080000F93E5 /* Info.plist */ = {isa = PBXFileReference; lastKnownFileType = text.plist.xml; path = Info.plist; sourceTree = "<group>"; };
		F671F2E524634617008E07A6 /* demoIcon@2x.png */ = {isa = PBXFileReference; lastKnownFileType = image.png; path = "demoIcon@2x.png"; sourceTree = "<group>"; };
		F671F2E624634618008E07A6 /* demoIcon@3x.png */ = {isa = PBXFileReference; lastKnownFileType = image.png; path = "demoIcon@3x.png"; sourceTree = "<group>"; };
/* End PBXFileReference section */

/* Begin PBXFrameworksBuildPhase section */
		D50FA67D2613ABC900D6D63B /* Frameworks */ = {
			isa = PBXFrameworksBuildPhase;
			buildActionMask = 2147483647;
			files = (
			);
			runOnlyForDeploymentPostprocessing = 0;
		};
		F66E65A623E3207D000F93E5 /* Frameworks */ = {
			isa = PBXFrameworksBuildPhase;
			buildActionMask = 2147483647;
			files = (
				896A69AE4EE3738FC80097F4 /* libPods-Tella.a in Frameworks */,
				D50FA6872613ABCA00D6D63B /* VaultManager.framework in Frameworks */,
			);
			runOnlyForDeploymentPostprocessing = 0;
		};
		F66E65BC23E32080000F93E5 /* Frameworks */ = {
			isa = PBXFrameworksBuildPhase;
			buildActionMask = 2147483647;
			files = (
				C9B13BC456A14143520ACF7D /* libPods-TellaTests.a in Frameworks */,
			);
			runOnlyForDeploymentPostprocessing = 0;
		};
		F66E65C723E32080000F93E5 /* Frameworks */ = {
			isa = PBXFrameworksBuildPhase;
			buildActionMask = 2147483647;
			files = (
				FFCE58FBB913313F7E36F009 /* libPods-Tella-TellaUITests.a in Frameworks */,
			);
			runOnlyForDeploymentPostprocessing = 0;
		};
/* End PBXFrameworksBuildPhase section */

/* Begin PBXGroup section */
		0D4D750E2662D14F00D7A635 /* Settings */ = {
			isa = PBXGroup;
			children = (
				0DC411E02668469C00BF0DE1 /* SettingsView.swift */,
				0D4D7517266470A700D7A635 /* SettingsViews.swift */,
				0D4D750F266316D200D7A635 /* SettingsGeneral.swift */,
				0D4D7511266316DC00D7A635 /* SettingsSecurity.swift */,
				0D4D7515266466C500D7A635 /* SettingsDocumentation.swift */,
				0D4D7513266316E500D7A635 /* SettingsAboutHelp.swift */,
			);
			path = Settings;
			sourceTree = "<group>";
		};
		0E78B3A42656B03500F9BDBC /* bottomsheet */ = {
			isa = PBXGroup;
			children = (
				0E78B3A52656B03500F9BDBC /* DragView.swift */,
				0E78B3A62656B03500F9BDBC /* ConfirmBottomSheet.swift */,
				0E230E2C265BE05A00465F07 /* EditBottomSheet.swift */,
				0E64C6A5265E7625005A7934 /* FileActionsBottomSheet.swift */,
			);
			path = bottomsheet;
			sourceTree = "<group>";
		};
		0E78B3AC2656B04B00F9BDBC /* fonts */ = {
			isa = PBXGroup;
			children = (
				0E78B3AD2656B04B00F9BDBC /* open-sans.regular.ttf */,
			);
			path = fonts;
			sourceTree = "<group>";
		};
		2C7360AA2DCEECE0D3586354 /* Frameworks */ = {
			isa = PBXGroup;
			children = (
				E0FADD614621998E34738DDA /* libPods-Tella.a */,
				2938945BECA9C7B363FB0E4D /* libPods-Tella-TellaUITests.a */,
				A7BED502E3A2E8DEAFF55F31 /* libPods-TellaTests.a */,
			);
			name = Frameworks;
			sourceTree = "<group>";
		};
		4CE85B832408B1AF00CF24AF /* resources */ = {
			isa = PBXGroup;
			children = (
				F671F2E524634617008E07A6 /* demoIcon@2x.png */,
				F671F2E624634618008E07A6 /* demoIcon@3x.png */,
			);
			name = resources;
			sourceTree = "<group>";
		};
		957DBB46FF2BBCC04C44542A /* Pods */ = {
			isa = PBXGroup;
			children = (
				8D569591EFFEBA5AC67EF44D /* Pods-Tella.debug.xcconfig */,
				71F4A03C1E75DFA648FCCB4A /* Pods-Tella.release.xcconfig */,
				64B63145C113BF91C06D0583 /* Pods-Tella-TellaUITests.debug.xcconfig */,
				DC542768D626D09876372818 /* Pods-Tella-TellaUITests.release.xcconfig */,
				303DB33176195A2170CDEC64 /* Pods-TellaTests.debug.xcconfig */,
				2377F430E2D84ACF7E66B891 /* Pods-TellaTests.release.xcconfig */,
			);
			path = Pods;
			sourceTree = "<group>";
		};
		D50FA6812613ABC900D6D63B /* VaultManager */ = {
			isa = PBXGroup;
			children = (
				D50FA6822613ABCA00D6D63B /* VaultManager.h */,
				D50FA6832613ABCA00D6D63B /* Info.plist */,
			);
			path = VaultManager;
			sourceTree = "<group>";
		};
		D53B76DA2601C9E50001CD34 /* Views */ = {
			isa = PBXGroup;
			children = (
				D5D5696C262747E100C45416 /* AppView.swift */,
				D50727CB2625573200BBC370 /* HomeView.swift */,
				D572EAC3263A381400CE191A /* HomeView */,
				D5DA7F992648D02C00B00FDA /* FileListView */,
				D5D56974262747F100C45416 /* CameraView.swift */,
				D5D56979262747F700C45416 /* MicView.swift */,
				D5163989263113C6003A11B5 /* UploadView.swift */,
				D572EACA263A43C100CE191A /* FileDetailView.swift */,
				D572EAC2263A380700CE191A /* FileManager */,
				D516397B2631113B003A11B5 /* Styles.swift */,
				D5DAFDCD265384C4002F3942 /* SettingModel.swift */,
			);
			path = Views;
			sourceTree = "<group>";
		};
		D53B76DB2601C9EC0001CD34 /* VaultManager */ = {
			isa = PBXGroup;
			children = (
				D50727BE2625561400BBC370 /* KeychainManager.swift */,
				D53B77002601CA3A0001CD34 /* VaultManager.swift */,
				D5B823EF262775D80008E04B /* CryptoManager.swift */,
				D538C8AB264CE8D300D457B0 /* CryptoFileManager.swift */,
				6D848FA22416D12D004896E0 /* CryptoManagerV1.swift */,
				6D14AAD92405AC1A0094D71D /* FileManager.swift */,
				1E67B39123FC9067001F3D64 /* Importers.swift */,
			);
			path = VaultManager;
			sourceTree = "<group>";
		};
		D53B76DC2601C9F40001CD34 /* Common */ = {
			isa = PBXGroup;
			children = (
				0E78B3A42656B03500F9BDBC /* bottomsheet */,
				CE02ED7E24E42B3900014176 /* UserDefaultsProperty.swift */,
				D57F5E8F26152A4800C1DA47 /* Datable.swift */,
				D5077A3F260D300600D72947 /* DebugLogging.swift */,
				0F3DC3E42523951C0024B4A0 /* BundleInfo.swift */,
				6DD4C039240F547300491438 /* Util.swift */,
			);
			path = Common;
			sourceTree = "<group>";
		};
		D572EAC2263A380700CE191A /* FileManager */ = {
			isa = PBXGroup;
			children = (
				D50727D02625574400BBC370 /* FileManagerView.swift */,
			);
			path = FileManager;
			sourceTree = "<group>";
		};
		D572EAC3263A381400CE191A /* HomeView */ = {
			isa = PBXGroup;
			children = (
				0D4D750E2662D14F00D7A635 /* Settings */,
				D572EAC4263A383100CE191A /* ReventFilesListView.swift */,
				D572EAC6263A383900CE191A /* RecentFileCell.swift */,
				D572EAC8263A384B00CE191A /* FileGroupsView.swift */,
				D5DA7F972646220100B00FDA /* FileGroupButtonView.swift */,
			);
			path = HomeView;
			sourceTree = "<group>";
		};
		D57F5EAB26156C4B00C1DA47 /* Mocks */ = {
			isa = PBXGroup;
			children = (
				D57F5EAC26156C5200C1DA47 /* MockCryptoManager.swift */,
			);
			path = Mocks;
			sourceTree = "<group>";
		};
		D5DA7F992648D02C00B00FDA /* FileListView */ = {
			isa = PBXGroup;
			children = (
				D5DA7F9A2648D05400B00FDA /* FileListView.swift */,
			);
			path = FileListView;
			sourceTree = "<group>";
		};
		D75F9E9A253424F7006F6212 /* audio */ = {
			isa = PBXGroup;
			children = (
				D7F55FCC25348FB80028739E /* AudioManager.swift */,
				D7F55FC725348FA50028739E /* RecordState.swift */,
				D7CFC37E254260D300CCB352 /* RecordView.swift */,
				D75F9E9B25342539006F6212 /* RecordViewModel.swift */,
				D7F55FD9253490BE0028739E /* RecordingAudioManager.swift */,
			);
			path = audio;
			sourceTree = "<group>";
		};
		F66E65A023E3207D000F93E5 = {
			isa = PBXGroup;
			children = (
				F66E65AB23E3207D000F93E5 /* Tella */,
				F66E65C223E32080000F93E5 /* TellaTests */,
				F66E65CD23E32080000F93E5 /* TellaUITests */,
				D50FA6812613ABC900D6D63B /* VaultManager */,
				F66E65AA23E3207D000F93E5 /* Products */,
				957DBB46FF2BBCC04C44542A /* Pods */,
				2C7360AA2DCEECE0D3586354 /* Frameworks */,
			);
			sourceTree = "<group>";
		};
		F66E65AA23E3207D000F93E5 /* Products */ = {
			isa = PBXGroup;
			children = (
				F66E65A923E3207D000F93E5 /* Tella.app */,
				F66E65BF23E32080000F93E5 /* TellaTests.xctest */,
				F66E65CA23E32080000F93E5 /* TellaUITests.xctest */,
				D50FA6802613ABC900D6D63B /* VaultManager.framework */,
			);
			name = Products;
			sourceTree = "<group>";
		};
		F66E65AB23E3207D000F93E5 /* Tella */ = {
			isa = PBXGroup;
			children = (
				0E78B3B52656B0BC00F9BDBC /* VideoPlayerUI.swift */,
				0E78B3B62656B0BC00F9BDBC /* VideoRecordingView.swift */,
				0E78B3AC2656B04B00F9BDBC /* fonts */,
				D53B77022601D5170001CD34 /* Tella.entitlements */,
				D53B76DC2601C9F40001CD34 /* Common */,
				D53B76DB2601C9EC0001CD34 /* VaultManager */,
				D53B76DA2601C9E50001CD34 /* Views */,
				D75F9E9A253424F7006F6212 /* audio */,
				F66E65B223E32080000F93E5 /* Assets.xcassets */,
				D51639752631091E003A11B5 /* NewAssets.xcassets */,
				F66E65B423E32080000F93E5 /* Preview Content */,
				4CE85B832408B1AF00CF24AF /* resources */,
				F66E65B723E32080000F93E5 /* LaunchScreen.storyboard */,
				F66E65BA23E32080000F93E5 /* Info.plist */,
				F66E65AC23E3207D000F93E5 /* AppDelegate.swift */,
				F66E65AE23E3207D000F93E5 /* SceneDelegate.swift */,
				0D4D75192664738800D7A635 /* HostingController.swift */,
				F66E65B023E3207D000F93E5 /* ContentView.swift */,
				6D14AACB23FA3A2B0094D71D /* Components.swift */,
				6D14AACD23FADACE0094D71D /* Enums.swift */,
				6D14AACF23FAE6AC0094D71D /* SettingsView_old.swift */,
				6D14AAD123FB08D60094D71D /* CameraView.swift */,
				CE64FA2A25055CA700B03CEC /* MainView.swift */,
				6D14AAD523FB0B120094D71D /* CollectView.swift */,
				6D14AAD723FB0B310094D71D /* GalleryView.swift */,
				6DD4C037240F4B9900491438 /* PreviewView.swift */,
				1EBF3CB4246649DC0004E331 /* AudioPlayer.swift */,
				1EAE6BF424146C2100114244 /* QuickLook.swift */,
				6DC2ABC8245029BC004579DF /* PasswordView.swift */,
				6DC2ABCA24502D08004579DF /* ChangeView.swift */,
				CE64FA282505542E00B03CEC /* AppViewState.swift */,
			);
			path = Tella;
			sourceTree = "<group>";
		};
		F66E65B423E32080000F93E5 /* Preview Content */ = {
			isa = PBXGroup;
			children = (
				F66E65B523E32080000F93E5 /* Preview Assets.xcassets */,
			);
			path = "Preview Content";
			sourceTree = "<group>";
		};
		F66E65C223E32080000F93E5 /* TellaTests */ = {
			isa = PBXGroup;
			children = (
				D57F5EAB26156C4B00C1DA47 /* Mocks */,
				D59E9EAF260C5A51006D9F8E /* VaultManagerTests.swift */,
				D50727C32625567900BBC370 /* KeychainTests.swift */,
				D57F5E9426152A8500C1DA47 /* Datable.swift */,
				F66E65C523E32080000F93E5 /* Info.plist */,
				D57F5EA3261569C300C1DA47 /* Media.xcassets */,
			);
			path = TellaTests;
			sourceTree = "<group>";
		};
		F66E65CD23E32080000F93E5 /* TellaUITests */ = {
			isa = PBXGroup;
			children = (
				F66E65CE23E32080000F93E5 /* TellaUITests.swift */,
				F66E65D023E32080000F93E5 /* Info.plist */,
			);
			path = TellaUITests;
			sourceTree = "<group>";
		};
/* End PBXGroup section */

/* Begin PBXHeadersBuildPhase section */
		D50FA67B2613ABC900D6D63B /* Headers */ = {
			isa = PBXHeadersBuildPhase;
			buildActionMask = 2147483647;
			files = (
				D50FA6842613ABCA00D6D63B /* VaultManager.h in Headers */,
			);
			runOnlyForDeploymentPostprocessing = 0;
		};
/* End PBXHeadersBuildPhase section */

/* Begin PBXNativeTarget section */
		D50FA67F2613ABC900D6D63B /* VaultManager */ = {
			isa = PBXNativeTarget;
			buildConfigurationList = D50FA6892613ABCA00D6D63B /* Build configuration list for PBXNativeTarget "VaultManager" */;
			buildPhases = (
				D50FA67B2613ABC900D6D63B /* Headers */,
				D50FA67C2613ABC900D6D63B /* Sources */,
				D50FA67D2613ABC900D6D63B /* Frameworks */,
				D50FA67E2613ABC900D6D63B /* Resources */,
			);
			buildRules = (
			);
			dependencies = (
			);
			name = VaultManager;
			productName = VaultManager;
			productReference = D50FA6802613ABC900D6D63B /* VaultManager.framework */;
			productType = "com.apple.product-type.framework";
		};
		F66E65A823E3207D000F93E5 /* Tella */ = {
			isa = PBXNativeTarget;
			buildConfigurationList = F66E65D323E32080000F93E5 /* Build configuration list for PBXNativeTarget "Tella" */;
			buildPhases = (
				D978AA975BF0CEFA7A15EC46 /* [CP] Check Pods Manifest.lock */,
				F66E65A523E3207D000F93E5 /* Sources */,
				F66E65A623E3207D000F93E5 /* Frameworks */,
				F66E65A723E3207D000F93E5 /* Resources */,
				D53B76EE2601CA0D0001CD34 /* Embed Frameworks */,
			);
			buildRules = (
			);
			dependencies = (
				D50FA6862613ABCA00D6D63B /* PBXTargetDependency */,
			);
			name = Tella;
			productName = Tella;
			productReference = F66E65A923E3207D000F93E5 /* Tella.app */;
			productType = "com.apple.product-type.application";
		};
		F66E65BE23E32080000F93E5 /* TellaTests */ = {
			isa = PBXNativeTarget;
			buildConfigurationList = F66E65D623E32080000F93E5 /* Build configuration list for PBXNativeTarget "TellaTests" */;
			buildPhases = (
				A2FCC4A49B4A3809DBE2D18D /* [CP] Check Pods Manifest.lock */,
				F66E65BB23E32080000F93E5 /* Sources */,
				F66E65BC23E32080000F93E5 /* Frameworks */,
				F66E65BD23E32080000F93E5 /* Resources */,
			);
			buildRules = (
			);
			dependencies = (
				F66E65C123E32080000F93E5 /* PBXTargetDependency */,
			);
			name = TellaTests;
			productName = TellaTests;
			productReference = F66E65BF23E32080000F93E5 /* TellaTests.xctest */;
			productType = "com.apple.product-type.bundle.unit-test";
		};
		F66E65C923E32080000F93E5 /* TellaUITests */ = {
			isa = PBXNativeTarget;
			buildConfigurationList = F66E65D923E32080000F93E5 /* Build configuration list for PBXNativeTarget "TellaUITests" */;
			buildPhases = (
				ED6FF9D4F55738E8FC8C25DF /* [CP] Check Pods Manifest.lock */,
				F66E65C623E32080000F93E5 /* Sources */,
				F66E65C723E32080000F93E5 /* Frameworks */,
				F66E65C823E32080000F93E5 /* Resources */,
			);
			buildRules = (
			);
			dependencies = (
				F66E65CC23E32080000F93E5 /* PBXTargetDependency */,
			);
			name = TellaUITests;
			productName = TellaUITests;
			productReference = F66E65CA23E32080000F93E5 /* TellaUITests.xctest */;
			productType = "com.apple.product-type.bundle.ui-testing";
		};
/* End PBXNativeTarget section */

/* Begin PBXProject section */
		F66E65A123E3207D000F93E5 /* Project object */ = {
			isa = PBXProject;
			attributes = {
				LastSwiftUpdateCheck = 1110;
				LastUpgradeCheck = 1250;
				ORGANIZATIONNAME = INTERNEWS;
				TargetAttributes = {
					D50FA67F2613ABC900D6D63B = {
						CreatedOnToolsVersion = 12.4;
					};
					F66E65A823E3207D000F93E5 = {
						CreatedOnToolsVersion = 11.1;
					};
					F66E65BE23E32080000F93E5 = {
						CreatedOnToolsVersion = 11.1;
						TestTargetID = F66E65A823E3207D000F93E5;
					};
					F66E65C923E32080000F93E5 = {
						CreatedOnToolsVersion = 11.1;
						TestTargetID = F66E65A823E3207D000F93E5;
					};
				};
			};
			buildConfigurationList = F66E65A423E3207D000F93E5 /* Build configuration list for PBXProject "Tella" */;
			compatibilityVersion = "Xcode 12.0";
			developmentRegion = en;
			hasScannedForEncodings = 0;
			knownRegions = (
				en,
				Base,
			);
			mainGroup = F66E65A023E3207D000F93E5;
			productRefGroup = F66E65AA23E3207D000F93E5 /* Products */;
			projectDirPath = "";
			projectRoot = "";
			targets = (
				F66E65A823E3207D000F93E5 /* Tella */,
				F66E65BE23E32080000F93E5 /* TellaTests */,
				F66E65C923E32080000F93E5 /* TellaUITests */,
				D50FA67F2613ABC900D6D63B /* VaultManager */,
			);
		};
/* End PBXProject section */

/* Begin PBXResourcesBuildPhase section */
		D50FA67E2613ABC900D6D63B /* Resources */ = {
			isa = PBXResourcesBuildPhase;
			buildActionMask = 2147483647;
			files = (
			);
			runOnlyForDeploymentPostprocessing = 0;
		};
		F66E65A723E3207D000F93E5 /* Resources */ = {
			isa = PBXResourcesBuildPhase;
			buildActionMask = 2147483647;
			files = (
				F671F2E824634618008E07A6 /* demoIcon@3x.png in Resources */,
				F66E65B923E32080000F93E5 /* LaunchScreen.storyboard in Resources */,
				F66E65B623E32080000F93E5 /* Preview Assets.xcassets in Resources */,
				D51639762631091E003A11B5 /* NewAssets.xcassets in Resources */,
				F671F2E724634618008E07A6 /* demoIcon@2x.png in Resources */,
				F66E65B323E32080000F93E5 /* Assets.xcassets in Resources */,
				0E78B3AE2656B04B00F9BDBC /* open-sans.regular.ttf in Resources */,
			);
			runOnlyForDeploymentPostprocessing = 0;
		};
		F66E65BD23E32080000F93E5 /* Resources */ = {
			isa = PBXResourcesBuildPhase;
			buildActionMask = 2147483647;
			files = (
				D57F5EA4261569C300C1DA47 /* Media.xcassets in Resources */,
			);
			runOnlyForDeploymentPostprocessing = 0;
		};
		F66E65C823E32080000F93E5 /* Resources */ = {
			isa = PBXResourcesBuildPhase;
			buildActionMask = 2147483647;
			files = (
			);
			runOnlyForDeploymentPostprocessing = 0;
		};
/* End PBXResourcesBuildPhase section */

/* Begin PBXShellScriptBuildPhase section */
		A2FCC4A49B4A3809DBE2D18D /* [CP] Check Pods Manifest.lock */ = {
			isa = PBXShellScriptBuildPhase;
			buildActionMask = 2147483647;
			files = (
			);
			inputFileListPaths = (
			);
			inputPaths = (
				"${PODS_PODFILE_DIR_PATH}/Podfile.lock",
				"${PODS_ROOT}/Manifest.lock",
			);
			name = "[CP] Check Pods Manifest.lock";
			outputFileListPaths = (
			);
			outputPaths = (
				"$(DERIVED_FILE_DIR)/Pods-TellaTests-checkManifestLockResult.txt",
			);
			runOnlyForDeploymentPostprocessing = 0;
			shellPath = /bin/sh;
			shellScript = "diff \"${PODS_PODFILE_DIR_PATH}/Podfile.lock\" \"${PODS_ROOT}/Manifest.lock\" > /dev/null\nif [ $? != 0 ] ; then\n    # print error to STDERR\n    echo \"error: The sandbox is not in sync with the Podfile.lock. Run 'pod install' or update your CocoaPods installation.\" >&2\n    exit 1\nfi\n# This output is used by Xcode 'outputs' to avoid re-running this script phase.\necho \"SUCCESS\" > \"${SCRIPT_OUTPUT_FILE_0}\"\n";
			showEnvVarsInLog = 0;
		};
		D978AA975BF0CEFA7A15EC46 /* [CP] Check Pods Manifest.lock */ = {
			isa = PBXShellScriptBuildPhase;
			buildActionMask = 2147483647;
			files = (
			);
			inputFileListPaths = (
			);
			inputPaths = (
				"${PODS_PODFILE_DIR_PATH}/Podfile.lock",
				"${PODS_ROOT}/Manifest.lock",
			);
			name = "[CP] Check Pods Manifest.lock";
			outputFileListPaths = (
			);
			outputPaths = (
				"$(DERIVED_FILE_DIR)/Pods-Tella-checkManifestLockResult.txt",
			);
			runOnlyForDeploymentPostprocessing = 0;
			shellPath = /bin/sh;
			shellScript = "diff \"${PODS_PODFILE_DIR_PATH}/Podfile.lock\" \"${PODS_ROOT}/Manifest.lock\" > /dev/null\nif [ $? != 0 ] ; then\n    # print error to STDERR\n    echo \"error: The sandbox is not in sync with the Podfile.lock. Run 'pod install' or update your CocoaPods installation.\" >&2\n    exit 1\nfi\n# This output is used by Xcode 'outputs' to avoid re-running this script phase.\necho \"SUCCESS\" > \"${SCRIPT_OUTPUT_FILE_0}\"\n";
			showEnvVarsInLog = 0;
		};
		ED6FF9D4F55738E8FC8C25DF /* [CP] Check Pods Manifest.lock */ = {
			isa = PBXShellScriptBuildPhase;
			buildActionMask = 2147483647;
			files = (
			);
			inputFileListPaths = (
			);
			inputPaths = (
				"${PODS_PODFILE_DIR_PATH}/Podfile.lock",
				"${PODS_ROOT}/Manifest.lock",
			);
			name = "[CP] Check Pods Manifest.lock";
			outputFileListPaths = (
			);
			outputPaths = (
				"$(DERIVED_FILE_DIR)/Pods-Tella-TellaUITests-checkManifestLockResult.txt",
			);
			runOnlyForDeploymentPostprocessing = 0;
			shellPath = /bin/sh;
			shellScript = "diff \"${PODS_PODFILE_DIR_PATH}/Podfile.lock\" \"${PODS_ROOT}/Manifest.lock\" > /dev/null\nif [ $? != 0 ] ; then\n    # print error to STDERR\n    echo \"error: The sandbox is not in sync with the Podfile.lock. Run 'pod install' or update your CocoaPods installation.\" >&2\n    exit 1\nfi\n# This output is used by Xcode 'outputs' to avoid re-running this script phase.\necho \"SUCCESS\" > \"${SCRIPT_OUTPUT_FILE_0}\"\n";
			showEnvVarsInLog = 0;
		};
/* End PBXShellScriptBuildPhase section */

/* Begin PBXSourcesBuildPhase section */
		D50FA67C2613ABC900D6D63B /* Sources */ = {
			isa = PBXSourcesBuildPhase;
			buildActionMask = 2147483647;
			files = (
			);
			runOnlyForDeploymentPostprocessing = 0;
		};
		F66E65A523E3207D000F93E5 /* Sources */ = {
			isa = PBXSourcesBuildPhase;
			buildActionMask = 2147483647;
			files = (
				0E78B3BA2656B0BC00F9BDBC /* VideoPlayerUI.swift in Sources */,
				D7F55FDA253490BE0028739E /* RecordingAudioManager.swift in Sources */,
				6DD4C038240F4B9900491438 /* PreviewView.swift in Sources */,
				0E78B3A82656B03600F9BDBC /* ConfirmBottomSheet.swift in Sources */,
				CE64FA292505542E00B03CEC /* AppViewState.swift in Sources */,
				6DC2ABC9245029BC004579DF /* PasswordView.swift in Sources */,
				D5B823EB262774E00008E04B /* AppView.swift in Sources */,
				D57F5E9026152A4800C1DA47 /* Datable.swift in Sources */,
				D5DAFDCF265384C4002F3942 /* SettingModel.swift in Sources */,
				F66E65AD23E3207D000F93E5 /* AppDelegate.swift in Sources */,
				D7F55FCD25348FB80028739E /* AudioManager.swift in Sources */,
				D5DA7F982646220100B00FDA /* FileGroupButtonView.swift in Sources */,
				0D4D7510266316D200D7A635 /* SettingsGeneral.swift in Sources */,
				D51639802631130E003A11B5 /* HomeView.swift in Sources */,
				0F3DC3E52523951C0024B4A0 /* BundleInfo.swift in Sources */,
				6D14AAD223FB08D60094D71D /* CameraView.swift in Sources */,
				D53B77012601CA3A0001CD34 /* VaultManager.swift in Sources */,
				6DC2ABCB24502D08004579DF /* ChangeView.swift in Sources */,
				0D4D7516266466C500D7A635 /* SettingsDocumentation.swift in Sources */,
				0D4D751A2664738800D7A635 /* HostingController.swift in Sources */,
				D538C8AC264CE8D300D457B0 /* CryptoFileManager.swift in Sources */,
				6D14AACC23FA3A2B0094D71D /* Components.swift in Sources */,
				CE64FA2B25055CA700B03CEC /* MainView.swift in Sources */,
				0E64C6A6265E7625005A7934 /* FileActionsBottomSheet.swift in Sources */,
				D5077A40260D300600D72947 /* DebugLogging.swift in Sources */,
				D516398A263113C6003A11B5 /* UploadView.swift in Sources */,
				0E78B3BB2656B0BC00F9BDBC /* VideoRecordingView.swift in Sources */,
				D5163985263113B7003A11B5 /* MicView.swift in Sources */,
				D572EACB263A43C100CE191A /* FileDetailView.swift in Sources */,
				6D14AACE23FADACE0094D71D /* Enums.swift in Sources */,
				0E78B3A72656B03600F9BDBC /* DragView.swift in Sources */,
				D572EAC7263A383900CE191A /* RecentFileCell.swift in Sources */,
				0D4D7512266316DC00D7A635 /* SettingsSecurity.swift in Sources */,
				0D4D7514266316E500D7A635 /* SettingsAboutHelp.swift in Sources */,
				6D14AAD023FAE6AC0094D71D /* SettingsView_old.swift in Sources */,
				D572EAC5263A383100CE191A /* ReventFilesListView.swift in Sources */,
				D75F9E9C25342539006F6212 /* RecordViewModel.swift in Sources */,
				6D14AAD623FB0B120094D71D /* CollectView.swift in Sources */,
				1EAE6BF524146C2100114244 /* QuickLook.swift in Sources */,
				1E67B39223FC9067001F3D64 /* Importers.swift in Sources */,
				D572EAC9263A384B00CE191A /* FileGroupsView.swift in Sources */,
				1EBF3CB5246649DC0004E331 /* AudioPlayer.swift in Sources */,
				6D14AADA2405AC1B0094D71D /* FileManager.swift in Sources */,
				0E230E2D265BE05A00465F07 /* EditBottomSheet.swift in Sources */,
				D50727BF2625561400BBC370 /* KeychainManager.swift in Sources */,
				D7CFC37F254260D300CCB352 /* RecordView.swift in Sources */,
				6D848FA32416D12D004896E0 /* CryptoManagerV1.swift in Sources */,
				0DC411E12668469C00BF0DE1 /* SettingsView.swift in Sources */,
				D7F55FC825348FA50028739E /* RecordState.swift in Sources */,
				F66E65AF23E3207D000F93E5 /* SceneDelegate.swift in Sources */,
				CE02ED7F24E42B3900014176 /* UserDefaultsProperty.swift in Sources */,
				D5DA7F9B2648D05400B00FDA /* FileListView.swift in Sources */,
				D516397C2631113B003A11B5 /* Styles.swift in Sources */,
				6DD4C03A240F547300491438 /* Util.swift in Sources */,
				F66E65B123E3207D000F93E5 /* ContentView.swift in Sources */,
				D5B823F0262775D80008E04B /* CryptoManager.swift in Sources */,
				0D4D7518266470A700D7A635 /* SettingsViews.swift in Sources */,
				6D14AAD823FB0B310094D71D /* GalleryView.swift in Sources */,
			);
			runOnlyForDeploymentPostprocessing = 0;
		};
		F66E65BB23E32080000F93E5 /* Sources */ = {
			isa = PBXSourcesBuildPhase;
			buildActionMask = 2147483647;
			files = (
				D57F5E9526152A8500C1DA47 /* Datable.swift in Sources */,
				D50727C42625567900BBC370 /* KeychainTests.swift in Sources */,
				D57F5EAD26156C5200C1DA47 /* MockCryptoManager.swift in Sources */,
				D59E9EB0260C5A51006D9F8E /* VaultManagerTests.swift in Sources */,
			);
			runOnlyForDeploymentPostprocessing = 0;
		};
		F66E65C623E32080000F93E5 /* Sources */ = {
			isa = PBXSourcesBuildPhase;
			buildActionMask = 2147483647;
			files = (
				F66E65CF23E32080000F93E5 /* TellaUITests.swift in Sources */,
			);
			runOnlyForDeploymentPostprocessing = 0;
		};
/* End PBXSourcesBuildPhase section */

/* Begin PBXTargetDependency section */
		D50FA6862613ABCA00D6D63B /* PBXTargetDependency */ = {
			isa = PBXTargetDependency;
			target = D50FA67F2613ABC900D6D63B /* VaultManager */;
			targetProxy = D50FA6852613ABCA00D6D63B /* PBXContainerItemProxy */;
		};
		F66E65C123E32080000F93E5 /* PBXTargetDependency */ = {
			isa = PBXTargetDependency;
			target = F66E65A823E3207D000F93E5 /* Tella */;
			targetProxy = F66E65C023E32080000F93E5 /* PBXContainerItemProxy */;
		};
		F66E65CC23E32080000F93E5 /* PBXTargetDependency */ = {
			isa = PBXTargetDependency;
			target = F66E65A823E3207D000F93E5 /* Tella */;
			targetProxy = F66E65CB23E32080000F93E5 /* PBXContainerItemProxy */;
		};
/* End PBXTargetDependency section */

/* Begin PBXVariantGroup section */
		F66E65B723E32080000F93E5 /* LaunchScreen.storyboard */ = {
			isa = PBXVariantGroup;
			children = (
				F66E65B823E32080000F93E5 /* Base */,
			);
			name = LaunchScreen.storyboard;
			sourceTree = "<group>";
		};
/* End PBXVariantGroup section */

/* Begin XCBuildConfiguration section */
		D50FA68A2613ABCA00D6D63B /* Debug */ = {
			isa = XCBuildConfiguration;
			buildSettings = {
				CLANG_WARN_QUOTED_INCLUDE_IN_FRAMEWORK_HEADER = YES;
				CODE_SIGN_STYLE = Automatic;
				CURRENT_PROJECT_VERSION = 1;
				DEFINES_MODULE = YES;
				DEVELOPMENT_TEAM = 6ZG9T42688;
				DYLIB_COMPATIBILITY_VERSION = 1;
				DYLIB_CURRENT_VERSION = 1;
				DYLIB_INSTALL_NAME_BASE = "@rpath";
				INFOPLIST_FILE = VaultManager/Info.plist;
				INSTALL_PATH = "$(LOCAL_LIBRARY_DIR)/Frameworks";
				IPHONEOS_DEPLOYMENT_TARGET = 14.4;
				LD_RUNPATH_SEARCH_PATHS = (
					"$(inherited)",
					"@executable_path/Frameworks",
					"@loader_path/Frameworks",
				);
				PRODUCT_BUNDLE_IDENTIFIER = org.hzontal.tella.VaultManager;
				PRODUCT_NAME = "$(TARGET_NAME:c99extidentifier)";
				SKIP_INSTALL = YES;
				SUPPORTS_MACCATALYST = NO;
				SWIFT_VERSION = 5.0;
				TARGETED_DEVICE_FAMILY = "1,2";
				VERSIONING_SYSTEM = "apple-generic";
				VERSION_INFO_PREFIX = "";
			};
			name = Debug;
		};
		D50FA68B2613ABCA00D6D63B /* Release */ = {
			isa = XCBuildConfiguration;
			buildSettings = {
				CLANG_WARN_QUOTED_INCLUDE_IN_FRAMEWORK_HEADER = YES;
				CODE_SIGN_STYLE = Automatic;
				CURRENT_PROJECT_VERSION = 1;
				DEFINES_MODULE = YES;
				DEVELOPMENT_TEAM = 6ZG9T42688;
				DYLIB_COMPATIBILITY_VERSION = 1;
				DYLIB_CURRENT_VERSION = 1;
				DYLIB_INSTALL_NAME_BASE = "@rpath";
				INFOPLIST_FILE = VaultManager/Info.plist;
				INSTALL_PATH = "$(LOCAL_LIBRARY_DIR)/Frameworks";
				IPHONEOS_DEPLOYMENT_TARGET = 14.4;
				LD_RUNPATH_SEARCH_PATHS = (
					"$(inherited)",
					"@executable_path/Frameworks",
					"@loader_path/Frameworks",
				);
				PRODUCT_BUNDLE_IDENTIFIER = org.hzontal.tella.VaultManager;
				PRODUCT_NAME = "$(TARGET_NAME:c99extidentifier)";
				SKIP_INSTALL = YES;
				SUPPORTS_MACCATALYST = NO;
				SWIFT_VERSION = 5.0;
				TARGETED_DEVICE_FAMILY = "1,2";
				VERSIONING_SYSTEM = "apple-generic";
				VERSION_INFO_PREFIX = "";
			};
			name = Release;
		};
		F66E65D123E32080000F93E5 /* Debug */ = {
			isa = XCBuildConfiguration;
			buildSettings = {
				ALWAYS_SEARCH_USER_PATHS = NO;
				CLANG_ANALYZER_NONNULL = YES;
				CLANG_ANALYZER_NUMBER_OBJECT_CONVERSION = YES_AGGRESSIVE;
				CLANG_CXX_LANGUAGE_STANDARD = "gnu++14";
				CLANG_CXX_LIBRARY = "libc++";
				CLANG_ENABLE_MODULES = YES;
				CLANG_ENABLE_OBJC_ARC = YES;
				CLANG_ENABLE_OBJC_WEAK = YES;
				CLANG_WARN_BLOCK_CAPTURE_AUTORELEASING = YES;
				CLANG_WARN_BOOL_CONVERSION = YES;
				CLANG_WARN_COMMA = YES;
				CLANG_WARN_CONSTANT_CONVERSION = YES;
				CLANG_WARN_DEPRECATED_OBJC_IMPLEMENTATIONS = YES;
				CLANG_WARN_DIRECT_OBJC_ISA_USAGE = YES_ERROR;
				CLANG_WARN_DOCUMENTATION_COMMENTS = YES;
				CLANG_WARN_EMPTY_BODY = YES;
				CLANG_WARN_ENUM_CONVERSION = YES;
				CLANG_WARN_INFINITE_RECURSION = YES;
				CLANG_WARN_INT_CONVERSION = YES;
				CLANG_WARN_NON_LITERAL_NULL_CONVERSION = YES;
				CLANG_WARN_OBJC_IMPLICIT_RETAIN_SELF = YES;
				CLANG_WARN_OBJC_LITERAL_CONVERSION = YES;
				CLANG_WARN_OBJC_ROOT_CLASS = YES_ERROR;
				CLANG_WARN_QUOTED_INCLUDE_IN_FRAMEWORK_HEADER = YES;
				CLANG_WARN_RANGE_LOOP_ANALYSIS = YES;
				CLANG_WARN_STRICT_PROTOTYPES = YES;
				CLANG_WARN_SUSPICIOUS_MOVE = YES;
				CLANG_WARN_UNGUARDED_AVAILABILITY = YES_AGGRESSIVE;
				CLANG_WARN_UNREACHABLE_CODE = YES;
				CLANG_WARN__DUPLICATE_METHOD_MATCH = YES;
				COPY_PHASE_STRIP = NO;
				DEBUG_INFORMATION_FORMAT = dwarf;
				ENABLE_STRICT_OBJC_MSGSEND = YES;
				ENABLE_TESTABILITY = YES;
				GCC_C_LANGUAGE_STANDARD = gnu11;
				GCC_DYNAMIC_NO_PIC = NO;
				GCC_NO_COMMON_BLOCKS = YES;
				GCC_OPTIMIZATION_LEVEL = 0;
				GCC_PREPROCESSOR_DEFINITIONS = (
					"DEBUG=1",
					"$(inherited)",
				);
				GCC_WARN_64_TO_32_BIT_CONVERSION = YES;
				GCC_WARN_ABOUT_RETURN_TYPE = YES_ERROR;
				GCC_WARN_UNDECLARED_SELECTOR = YES;
				GCC_WARN_UNINITIALIZED_AUTOS = YES_AGGRESSIVE;
				GCC_WARN_UNUSED_FUNCTION = YES;
				GCC_WARN_UNUSED_VARIABLE = YES;
				IPHONEOS_DEPLOYMENT_TARGET = 13.1;
				MTL_ENABLE_DEBUG_INFO = INCLUDE_SOURCE;
				MTL_FAST_MATH = YES;
				ONLY_ACTIVE_ARCH = YES;
				SDKROOT = iphoneos;
				SWIFT_ACTIVE_COMPILATION_CONDITIONS = DEBUG;
				SWIFT_OPTIMIZATION_LEVEL = "-Onone";
			};
			name = Debug;
		};
		F66E65D223E32080000F93E5 /* Release */ = {
			isa = XCBuildConfiguration;
			buildSettings = {
				ALWAYS_SEARCH_USER_PATHS = NO;
				CLANG_ANALYZER_NONNULL = YES;
				CLANG_ANALYZER_NUMBER_OBJECT_CONVERSION = YES_AGGRESSIVE;
				CLANG_CXX_LANGUAGE_STANDARD = "gnu++14";
				CLANG_CXX_LIBRARY = "libc++";
				CLANG_ENABLE_MODULES = YES;
				CLANG_ENABLE_OBJC_ARC = YES;
				CLANG_ENABLE_OBJC_WEAK = YES;
				CLANG_WARN_BLOCK_CAPTURE_AUTORELEASING = YES;
				CLANG_WARN_BOOL_CONVERSION = YES;
				CLANG_WARN_COMMA = YES;
				CLANG_WARN_CONSTANT_CONVERSION = YES;
				CLANG_WARN_DEPRECATED_OBJC_IMPLEMENTATIONS = YES;
				CLANG_WARN_DIRECT_OBJC_ISA_USAGE = YES_ERROR;
				CLANG_WARN_DOCUMENTATION_COMMENTS = YES;
				CLANG_WARN_EMPTY_BODY = YES;
				CLANG_WARN_ENUM_CONVERSION = YES;
				CLANG_WARN_INFINITE_RECURSION = YES;
				CLANG_WARN_INT_CONVERSION = YES;
				CLANG_WARN_NON_LITERAL_NULL_CONVERSION = YES;
				CLANG_WARN_OBJC_IMPLICIT_RETAIN_SELF = YES;
				CLANG_WARN_OBJC_LITERAL_CONVERSION = YES;
				CLANG_WARN_OBJC_ROOT_CLASS = YES_ERROR;
				CLANG_WARN_QUOTED_INCLUDE_IN_FRAMEWORK_HEADER = YES;
				CLANG_WARN_RANGE_LOOP_ANALYSIS = YES;
				CLANG_WARN_STRICT_PROTOTYPES = YES;
				CLANG_WARN_SUSPICIOUS_MOVE = YES;
				CLANG_WARN_UNGUARDED_AVAILABILITY = YES_AGGRESSIVE;
				CLANG_WARN_UNREACHABLE_CODE = YES;
				CLANG_WARN__DUPLICATE_METHOD_MATCH = YES;
				COPY_PHASE_STRIP = NO;
				DEBUG_INFORMATION_FORMAT = "dwarf-with-dsym";
				ENABLE_NS_ASSERTIONS = NO;
				ENABLE_STRICT_OBJC_MSGSEND = YES;
				GCC_C_LANGUAGE_STANDARD = gnu11;
				GCC_NO_COMMON_BLOCKS = YES;
				GCC_WARN_64_TO_32_BIT_CONVERSION = YES;
				GCC_WARN_ABOUT_RETURN_TYPE = YES_ERROR;
				GCC_WARN_UNDECLARED_SELECTOR = YES;
				GCC_WARN_UNINITIALIZED_AUTOS = YES_AGGRESSIVE;
				GCC_WARN_UNUSED_FUNCTION = YES;
				GCC_WARN_UNUSED_VARIABLE = YES;
				IPHONEOS_DEPLOYMENT_TARGET = 13.1;
				MTL_ENABLE_DEBUG_INFO = NO;
				MTL_FAST_MATH = YES;
				SDKROOT = iphoneos;
				SWIFT_COMPILATION_MODE = wholemodule;
				SWIFT_OPTIMIZATION_LEVEL = "-O";
				VALIDATE_PRODUCT = YES;
			};
			name = Release;
		};
		F66E65D423E32080000F93E5 /* Debug */ = {
			isa = XCBuildConfiguration;
			baseConfigurationReference = 8D569591EFFEBA5AC67EF44D /* Pods-Tella.debug.xcconfig */;
			buildSettings = {
				ASSETCATALOG_COMPILER_APPICON_NAME = AppIcon;
				CODE_SIGN_ENTITLEMENTS = Tella/Tella.entitlements;
				CODE_SIGN_STYLE = Automatic;
				DEVELOPMENT_ASSET_PATHS = "\"Tella/Preview Content\"";
				DEVELOPMENT_TEAM = 6ZG9T42688;
				ENABLE_PREVIEWS = YES;
				INFOPLIST_FILE = Tella/Info.plist;
				LD_RUNPATH_SEARCH_PATHS = (
					"$(inherited)",
					"@executable_path/Frameworks",
				);
				PRODUCT_BUNDLE_IDENTIFIER = org.hzontal.tella;
				PRODUCT_NAME = "$(TARGET_NAME)";
				SWIFT_VERSION = 5.0;
				TARGETED_DEVICE_FAMILY = 1;
			};
			name = Debug;
		};
		F66E65D523E32080000F93E5 /* Release */ = {
			isa = XCBuildConfiguration;
			baseConfigurationReference = 71F4A03C1E75DFA648FCCB4A /* Pods-Tella.release.xcconfig */;
			buildSettings = {
				ASSETCATALOG_COMPILER_APPICON_NAME = AppIcon;
				CODE_SIGN_ENTITLEMENTS = Tella/Tella.entitlements;
				CODE_SIGN_STYLE = Automatic;
				DEVELOPMENT_ASSET_PATHS = "\"Tella/Preview Content\"";
				DEVELOPMENT_TEAM = 6ZG9T42688;
				ENABLE_PREVIEWS = YES;
				INFOPLIST_FILE = Tella/Info.plist;
				LD_RUNPATH_SEARCH_PATHS = (
					"$(inherited)",
					"@executable_path/Frameworks",
				);
				PRODUCT_BUNDLE_IDENTIFIER = org.hzontal.tella;
				PRODUCT_NAME = "$(TARGET_NAME)";
				SWIFT_VERSION = 5.0;
				TARGETED_DEVICE_FAMILY = 1;
			};
			name = Release;
		};
		F66E65D723E32080000F93E5 /* Debug */ = {
			isa = XCBuildConfiguration;
			baseConfigurationReference = 303DB33176195A2170CDEC64 /* Pods-TellaTests.debug.xcconfig */;
			buildSettings = {
				ALWAYS_EMBED_SWIFT_STANDARD_LIBRARIES = YES;
				BUNDLE_LOADER = "$(TEST_HOST)";
				CODE_SIGN_STYLE = Automatic;
				DEVELOPMENT_TEAM = 2RXQS7CK9P;
				INFOPLIST_FILE = TellaTests/Info.plist;
				IPHONEOS_DEPLOYMENT_TARGET = 13.1;
				LD_RUNPATH_SEARCH_PATHS = (
					"$(inherited)",
					"@executable_path/Frameworks",
					"@loader_path/Frameworks",
				);
				PRODUCT_BUNDLE_IDENTIFIER = com.anessapetteruti.TellaTests;
				PRODUCT_NAME = "$(TARGET_NAME)";
				SWIFT_VERSION = 5.0;
				TARGETED_DEVICE_FAMILY = "1,2";
				TEST_HOST = "$(BUILT_PRODUCTS_DIR)/Tella.app/Tella";
			};
			name = Debug;
		};
		F66E65D823E32080000F93E5 /* Release */ = {
			isa = XCBuildConfiguration;
			baseConfigurationReference = 2377F430E2D84ACF7E66B891 /* Pods-TellaTests.release.xcconfig */;
			buildSettings = {
				ALWAYS_EMBED_SWIFT_STANDARD_LIBRARIES = YES;
				BUNDLE_LOADER = "$(TEST_HOST)";
				CODE_SIGN_STYLE = Automatic;
				DEVELOPMENT_TEAM = 2RXQS7CK9P;
				INFOPLIST_FILE = TellaTests/Info.plist;
				IPHONEOS_DEPLOYMENT_TARGET = 13.1;
				LD_RUNPATH_SEARCH_PATHS = (
					"$(inherited)",
					"@executable_path/Frameworks",
					"@loader_path/Frameworks",
				);
				PRODUCT_BUNDLE_IDENTIFIER = com.anessapetteruti.TellaTests;
				PRODUCT_NAME = "$(TARGET_NAME)";
				SWIFT_VERSION = 5.0;
				TARGETED_DEVICE_FAMILY = "1,2";
				TEST_HOST = "$(BUILT_PRODUCTS_DIR)/Tella.app/Tella";
			};
			name = Release;
		};
		F66E65DA23E32080000F93E5 /* Debug */ = {
			isa = XCBuildConfiguration;
			baseConfigurationReference = 64B63145C113BF91C06D0583 /* Pods-Tella-TellaUITests.debug.xcconfig */;
			buildSettings = {
				ALWAYS_EMBED_SWIFT_STANDARD_LIBRARIES = YES;
				CODE_SIGN_STYLE = Automatic;
				DEVELOPMENT_TEAM = 2RXQS7CK9P;
				INFOPLIST_FILE = TellaUITests/Info.plist;
				LD_RUNPATH_SEARCH_PATHS = (
					"$(inherited)",
					"@executable_path/Frameworks",
					"@loader_path/Frameworks",
				);
				PRODUCT_BUNDLE_IDENTIFIER = com.anessapetteruti.TellaUITests;
				PRODUCT_NAME = "$(TARGET_NAME)";
				SWIFT_VERSION = 5.0;
				TARGETED_DEVICE_FAMILY = "1,2";
				TEST_TARGET_NAME = Tella;
			};
			name = Debug;
		};
		F66E65DB23E32080000F93E5 /* Release */ = {
			isa = XCBuildConfiguration;
			baseConfigurationReference = DC542768D626D09876372818 /* Pods-Tella-TellaUITests.release.xcconfig */;
			buildSettings = {
				ALWAYS_EMBED_SWIFT_STANDARD_LIBRARIES = YES;
				CODE_SIGN_STYLE = Automatic;
				DEVELOPMENT_TEAM = 2RXQS7CK9P;
				INFOPLIST_FILE = TellaUITests/Info.plist;
				LD_RUNPATH_SEARCH_PATHS = (
					"$(inherited)",
					"@executable_path/Frameworks",
					"@loader_path/Frameworks",
				);
				PRODUCT_BUNDLE_IDENTIFIER = com.anessapetteruti.TellaUITests;
				PRODUCT_NAME = "$(TARGET_NAME)";
				SWIFT_VERSION = 5.0;
				TARGETED_DEVICE_FAMILY = "1,2";
				TEST_TARGET_NAME = Tella;
			};
			name = Release;
		};
/* End XCBuildConfiguration section */

/* Begin XCConfigurationList section */
		D50FA6892613ABCA00D6D63B /* Build configuration list for PBXNativeTarget "VaultManager" */ = {
			isa = XCConfigurationList;
			buildConfigurations = (
				D50FA68A2613ABCA00D6D63B /* Debug */,
				D50FA68B2613ABCA00D6D63B /* Release */,
			);
			defaultConfigurationIsVisible = 0;
			defaultConfigurationName = Release;
		};
		F66E65A423E3207D000F93E5 /* Build configuration list for PBXProject "Tella" */ = {
			isa = XCConfigurationList;
			buildConfigurations = (
				F66E65D123E32080000F93E5 /* Debug */,
				F66E65D223E32080000F93E5 /* Release */,
			);
			defaultConfigurationIsVisible = 0;
			defaultConfigurationName = Release;
		};
		F66E65D323E32080000F93E5 /* Build configuration list for PBXNativeTarget "Tella" */ = {
			isa = XCConfigurationList;
			buildConfigurations = (
				F66E65D423E32080000F93E5 /* Debug */,
				F66E65D523E32080000F93E5 /* Release */,
			);
			defaultConfigurationIsVisible = 0;
			defaultConfigurationName = Release;
		};
		F66E65D623E32080000F93E5 /* Build configuration list for PBXNativeTarget "TellaTests" */ = {
			isa = XCConfigurationList;
			buildConfigurations = (
				F66E65D723E32080000F93E5 /* Debug */,
				F66E65D823E32080000F93E5 /* Release */,
			);
			defaultConfigurationIsVisible = 0;
			defaultConfigurationName = Release;
		};
		F66E65D923E32080000F93E5 /* Build configuration list for PBXNativeTarget "TellaUITests" */ = {
			isa = XCConfigurationList;
			buildConfigurations = (
				F66E65DA23E32080000F93E5 /* Debug */,
				F66E65DB23E32080000F93E5 /* Release */,
			);
			defaultConfigurationIsVisible = 0;
			defaultConfigurationName = Release;
		};
/* End XCConfigurationList section */
	};
	rootObject = F66E65A123E3207D000F93E5 /* Project object */;
}
